
Microsoft Visual Studio Solution File, Format Version 12.00
# Visual Studio Version 16
VisualStudioVersion = 16.0.29920.165
MinimumVisualStudioVersion = 10.0.40219.1
Project("{FAE04EC0-301F-11D3-BF4B-00C04F79EFBC}") = "CRM", "CRM\CRM.csproj", "{F16F7513-5F49-4BC5-AC84-BB2C57DDBE59}"
EndProject
Global
	GlobalSection(SolutionConfigurationPlatforms) = preSolution
		Debug|Any CPU = Debug|Any CPU
		Release|Any CPU = Release|Any CPU
	EndGlobalSection
	GlobalSection(ProjectConfigurationPlatforms) = postSolution
		{F16F7513-5F49-4BC5-AC84-BB2C57DDBE59}.Debug|Any CPU.ActiveCfg = Debug|Any CPU
		{F16F7513-5F49-4BC5-AC84-BB2C57DDBE59}.Debug|Any CPU.Build.0 = Debug|Any CPU
		{F16F7513-5F49-4BC5-AC84-BB2C57DDBE59}.Release|Any CPU.ActiveCfg = Release|Any CPU
		{F16F7513-5F49-4BC5-AC84-BB2C57DDBE59}.Release|Any CPU.Build.0 = Release|Any CPU
	EndGlobalSection
	GlobalSection(SolutionProperties) = preSolution
		HideSolutionNode = FALSE
	EndGlobalSection
	GlobalSection(ExtensibilityGlobals) = postSolution
		SolutionGuid = {65C7989D-9E50-4A1D-A0D1-D6880FC5E378}
	EndGlobalSection
EndGlobal
